{
  "pins" : [
    {
      "identity" : "alamofire",
      "kind" : "remoteSourceControl",
      "location" : "https://github.com/Alamofire/Alamofire.git",
      "state" : {
        "revision" : "3dc6a42c7727c49bf26508e29b0a0b35f9c7e1ad",
        "version" : "5.8.1"
      }
    },
    {
      "identity" : "cryptoswift",
      "kind" : "remoteSourceControl",
      "location" : "https://github.com/krzyzanowskim/CryptoSwift.git",
      "state" : {
        "revision" : "db51c407d3be4a051484a141bf0bff36c43d3b1e",
        "version" : "1.8.0"
      }
    },
    {
      "identity" : "lottie-ios",
      "kind" : "remoteSourceControl",
      "location" : "https://github.com/airbnb/lottie-ios.git",
      "state" : {
        "revision" : "b4bd0604ded9574807f41b4004b57dd1226a30a4",
        "version" : "3.5.0"
      }
    },
    {
      "identity" : "lottieanimationmanager",
      "kind" : "remoteSourceControl",
      "location" : "https://github.com/smilesiosteam/LottieAnimationManager.git",
      "state" : {
        "branch" : "main",
        "revision" : "f36032ff43f4dfb7f630fbabb222019bc56e7541"
      }
    },
    {
      "identity" : "networkinglayer",
      "kind" : "remoteSourceControl",
      "location" : "https://github.com/smilesiosteam/NetworkingLayer.git",
      "state" : {
        "branch" : "main",
        "revision" : "66df8ceb6b98dd821bc07162ab7102dd4c67109d"
      }
    },
    {
      "identity" : "nvactivityindicatorview",
      "kind" : "remoteSourceControl",
      "location" : "https://github.com/ninjaprox/NVActivityIndicatorView.git",
      "state" : {
        "revision" : "bcb52371f2259254bac6690f92bb474a61768c47",
        "version" : "5.1.1"
      }
    },
    {
      "identity" : "sdwebimage",
      "kind" : "remoteSourceControl",
      "location" : "https://github.com/SDWebImage/SDWebImage.git",
      "state" : {
        "revision" : "0383fd49fe4d9ae43f150f24693550ebe6ef0d14",
        "version" : "5.18.6"
      }
    },
    {
      "identity" : "skeletonview",
      "kind" : "remoteSourceControl",
      "location" : "https://github.com/Juanpe/SkeletonView.git",
      "state" : {
        "revision" : "739a4f5d78731bebc48811c75fa9e1f4c4cef23e",
        "version" : "1.30.4"
      }
    },
    {
      "identity" : "smilesbanners",
      "kind" : "remoteSourceControl",
      "location" : "https://github.com/smilesiosteam/SmilesBanners.git",
      "state" : {
        "branch" : "main",
        "revision" : "ab94fce6f788ecb621a3e8fb5078b3a8f13832a3"
      }
    },
    {
      "identity" : "smilesbasemainrequest",
      "kind" : "remoteSourceControl",
      "location" : "https://github.com/smilesiosteam/SmilesBaseMainRequest.git",
      "state" : {
        "branch" : "main",
        "revision" : "196b65fd71c0b23ccb87c05161213fda752c1fe3"
      }
    },
    {
      "identity" : "smilesfontsmanager",
      "kind" : "remoteSourceControl",
      "location" : "https://github.com/smilesiosteam/SmilesFontsManager.git",
      "state" : {
        "branch" : "main",
        "revision" : "08f10b60a92cf507339595161289eabd55c9ab10"
      }
    },
    {
      "identity" : "smileslanguagemanager",
      "kind" : "remoteSourceControl",
      "location" : "https://github.com/smilesiosteam/SmilesLanguageManager.git",
      "state" : {
        "branch" : "main",
        "revision" : "d70bc6f7a910dd4e7dcae9224b4988500cd1006e"
      }
    },
    {
      "identity" : "smilesloader",
      "kind" : "remoteSourceControl",
      "location" : "https://github.com/smilesiosteam/SmilesLoader.git",
      "state" : {
        "branch" : "main",
        "revision" : "9f8681ad99ae15d022d691f94617e18e156f1ab8"
      }
    },
    {
      "identity" : "smilesoffers",
      "kind" : "remoteSourceControl",
      "location" : "https://github.com/smilesiosteam/SmilesOffers.git",
      "state" : {
        "branch" : "main",
        "revision" : "56e0428334e91aaad17c5668c53198838058e3c9"
      }
    },
    {
      "identity" : "smilespagecontrol",
      "kind" : "remoteSourceControl",
      "location" : "https://github.com/smilesiosteam/SmilesPageControl.git",
      "state" : {
        "branch" : "main",
        "revision" : "433bf5965963ce27fc1a78480ec3627cc3425e5c"
      }
    },
    {
      "identity" : "smilessharedservices",
      "kind" : "remoteSourceControl",
      "location" : "https://github.com/smilesiosteam/SmilesSharedServices.git",
      "state" : {
        "branch" : "main",
        "revision" : "b3e0bd53a4886814b90d7e35f67db5ede1bb44d5"
      }
    },
    {
      "identity" : "smilesstorage",
      "kind" : "remoteSourceControl",
      "location" : "https://github.com/smilesiosteam/SmilesStorage.git",
      "state" : {
        "branch" : "main",
        "revision" : "89a57c302aab530f033ba35f001b09cfee822707"
      }
    },
    {
      "identity" : "smilesstoriesmanager",
      "kind" : "remoteSourceControl",
      "location" : "https://github.com/smilesiosteam/SmilesStoriesManager.git",
      "state" : {
        "branch" : "main",
        "revision" : "69437b35e64f2f6628975234f53551bf3b55829a"
      }
    },
    {
      "identity" : "smilesutilities",
      "kind" : "remoteSourceControl",
      "location" : "https://github.com/smilesiosteam/SmilesUtilities.git",
      "state" : {
        "branch" : "main",
        "revision" : "876eb531b76ed4c45e6b0e78c3476014bd435a76"
      }
    },
    {
      "identity" : "smilesyoutubepopupview",
      "kind" : "remoteSourceControl",
      "location" : "https://github.com/smilesiosteam/SmilesYoutubePopUpView.git",
      "state" : {
        "branch" : "main",
        "revision" : "95513c7837f382a702dfb79a13bccbcd3e9d499e"
      }
    },
    {
      "identity" : "youtube-ios-player-helper",
      "kind" : "remoteSourceControl",
      "location" : "https://github.com/youtube/youtube-ios-player-helper.git",
      "state" : {
        "revision" : "f57129cd4380ec0a74dd3a59da3270a1d653d59b",
        "version" : "1.0.4"
      }
    }
  ],
  "version" : 2
}
