{
  "pins" : [
    {
      "identity" : "alamofire",
      "kind" : "remoteSourceControl",
      "location" : "https://github.com/Alamofire/Alamofire.git",
      "state" : {
        "revision" : "b2fa556e4e48cbf06cf8c63def138c98f4b811fa",
        "version" : "5.8.0"
      }
    },
    {
      "identity" : "cryptoswift",
      "kind" : "remoteSourceControl",
      "location" : "https://github.com/krzyzanowskim/CryptoSwift.git",
      "state" : {
        "revision" : "32f641cf24fc7abc1c591a2025e9f2f572648b0f",
        "version" : "1.7.2"
      }
    },
    {
      "identity" : "lottie-ios",
      "kind" : "remoteSourceControl",
      "location" : "https://github.com/airbnb/lottie-ios.git",
      "state" : {
        "revision" : "b4bd0604ded9574807f41b4004b57dd1226a30a4",
        "version" : "3.5.0"
      }
    },
    {
      "identity" : "lottieanimationmanager",
      "kind" : "remoteSourceControl",
      "location" : "https://github.com/smilesiosteam/LottieAnimationManager.git",
      "state" : {
        "branch" : "main",
        "revision" : "f25b53cbc39d2938144ba4cc64a0b00f49348ffb"
      }
    },
    {
      "identity" : "networkinglayer",
      "kind" : "remoteSourceControl",
      "location" : "https://github.com/smilesiosteam/NetworkingLayer.git",
      "state" : {
        "branch" : "main",
        "revision" : "ca052a51c8ecfcff997f86d50fe95ded51565d99"
      }
    },
    {
      "identity" : "nvactivityindicatorview",
      "kind" : "remoteSourceControl",
      "location" : "https://github.com/ninjaprox/NVActivityIndicatorView.git",
      "state" : {
        "revision" : "bcb52371f2259254bac6690f92bb474a61768c47",
        "version" : "5.1.1"
      }
    },
    {
      "identity" : "sdwebimage",
      "kind" : "remoteSourceControl",
      "location" : "https://github.com/SDWebImage/SDWebImage.git",
      "state" : {
        "revision" : "936f1c7067728d16c362ba4fb93c17df78b5fd79",
        "version" : "5.18.2"
      }
    },
    {
      "identity" : "skeletonview",
      "kind" : "remoteSourceControl",
      "location" : "https://github.com/Juanpe/SkeletonView.git",
      "state" : {
        "revision" : "739a4f5d78731bebc48811c75fa9e1f4c4cef23e",
        "version" : "1.30.4"
      }
    },
    {
      "identity" : "smilesanalytics",
      "kind" : "remoteSourceControl",
      "location" : "https://github.com/smilesiosteam/SmilesAnalytics.git",
      "state" : {
        "branch" : "main",
        "revision" : "e956827dd6ad06a4da00bb99f3c754928fdab0c2"
      }
    },
    {
      "identity" : "smilesappheader",
      "kind" : "remoteSourceControl",
      "location" : "https://github.com/smilesiosteam/SmilesAppHeader.git",
      "state" : {
        "branch" : "main",
        "revision" : "d4351847c0d8f03130dd7f798be738557933ed9c"
      }
    },
    {
      "identity" : "smilesbanners",
      "kind" : "remoteSourceControl",
      "location" : "https://github.com/smilesiosteam/SmilesBanners.git",
      "state" : {
        "branch" : "main",
        "revision" : "07d59b08e89eb5d89ddd2a9bf89645e6f2914d81"
      }
    },
    {
      "identity" : "smilesbasemainrequest",
      "kind" : "remoteSourceControl",
      "location" : "https://github.com/smilesiosteam/SmilesBaseMainRequest.git",
      "state" : {
        "branch" : "main",
        "revision" : "306ab0bb0ba9433427dc91cf35ac24bf31d23ed7"
      }
    },
    {
      "identity" : "smileseasytipview",
      "kind" : "remoteSourceControl",
      "location" : "https://github.com/smilesiosteam/SmilesEasyTipView.git",
      "state" : {
        "branch" : "main",
        "revision" : "8466cfafde2e79ceb957a4bd49cee4278fe20986"
      }
    },
    {
      "identity" : "smilesfontsmanager",
      "kind" : "remoteSourceControl",
      "location" : "https://github.com/smilesiosteam/SmilesFontsManager.git",
      "state" : {
        "branch" : "main",
        "revision" : "e074f68d2c555477f11a8e323143c5589ea9e9c0"
      }
    },
    {
      "identity" : "smileslanguagemanager",
      "kind" : "remoteSourceControl",
      "location" : "https://github.com/smilesiosteam/SmilesLanguageManager.git",
      "state" : {
        "branch" : "main",
        "revision" : "ec56617c4be91c35133f4fe59b403947cbcad1af"
      }
    },
    {
      "identity" : "smilesloader",
      "kind" : "remoteSourceControl",
      "location" : "https://github.com/smilesiosteam/SmilesLoader.git",
      "state" : {
        "branch" : "main",
        "revision" : "9f8681ad99ae15d022d691f94617e18e156f1ab8"
      }
    },
    {
      "identity" : "smileslocationhandler",
      "kind" : "remoteSourceControl",
      "location" : "https://github.com/smilesiosteam/SmilesLocationHandler.git",
      "state" : {
        "branch" : "main",
        "revision" : "878b8c812467d8d6954fb06dbc68adf33fe42f20"
      }
    },
    {
      "identity" : "smilesoffers",
      "kind" : "remoteSourceControl",
      "location" : "https://github.com/smilesiosteam/SmilesOffers.git",
      "state" : {
        "branch" : "main",
        "revision" : "b201b8bc0ca7851f4a8ebf5316db8d7d44c4849e"
      }
    },
    {
      "identity" : "smilespagecontrol",
      "kind" : "remoteSourceControl",
      "location" : "https://github.com/smilesiosteam/SmilesPageControl.git",
      "state" : {
        "branch" : "main",
        "revision" : "81d488b3d5723907d8728f713db6bc8917db0be8"
      }
    },
    {
      "identity" : "smilessharedservices",
      "kind" : "remoteSourceControl",
      "location" : "https://github.com/smilesiosteam/SmilesSharedServices.git",
      "state" : {
        "branch" : "main",
        "revision" : "4a34099e46bb4041d353fccffa4a0664868d287a"
      }
    },
    {
      "identity" : "smilesstorage",
      "kind" : "remoteSourceControl",
      "location" : "https://github.com/smilesiosteam/SmilesStorage.git",
      "state" : {
        "branch" : "main",
        "revision" : "89a57c302aab530f033ba35f001b09cfee822707"
      }
    },
    {
      "identity" : "smilesstoriesmanager",
      "kind" : "remoteSourceControl",
      "location" : "https://github.com/smilesiosteam/SmilesStoriesManager.git",
      "state" : {
        "branch" : "main",
        "revision" : "ae8ffd5247f9ac6b4dde8072d3dedcfe68a07e5b"
      }
    },
    {
      "identity" : "smilesutilities",
      "kind" : "remoteSourceControl",
      "location" : "https://github.com/smilesiosteam/SmilesUtilities.git",
      "state" : {
        "branch" : "main",
        "revision" : "a8051794bd1448a9d86f16c0809ab7cb194e3b48"
      }
    }
  ],
  "version" : 2
}
