{
  "pins" : [
    {
      "identity" : "alamofire",
      "kind" : "remoteSourceControl",
      "location" : "https://github.com/Alamofire/Alamofire.git",
      "state" : {
        "revision" : "723fa5a6c65812aec4a0d7cc432ee198883b6e00",
        "version" : "5.9.0"
      }
    },
    {
      "identity" : "cryptoswift",
      "kind" : "remoteSourceControl",
      "location" : "https://github.com/krzyzanowskim/CryptoSwift.git",
      "state" : {
        "revision" : "7892a123f7e8d0fe62f9f03728b17bbd4f94df5c",
        "version" : "1.8.1"
      }
    },
    {
      "identity" : "lottie-ios",
      "kind" : "remoteSourceControl",
      "location" : "https://github.com/airbnb/lottie-ios.git",
      "state" : {
        "revision" : "b4bd0604ded9574807f41b4004b57dd1226a30a4",
        "version" : "3.5.0"
      }
    },
    {
      "identity" : "lottieanimationmanager",
      "kind" : "remoteSourceControl",
      "location" : "https://github.com/smilesiosteam/LottieAnimationManager.git",
      "state" : {
        "branch" : "main",
        "revision" : "f36032ff43f4dfb7f630fbabb222019bc56e7541"
      }
    },
    {
      "identity" : "networkinglayer",
      "kind" : "remoteSourceControl",
      "location" : "https://github.com/smilesiosteam/NetworkingLayer.git",
      "state" : {
        "branch" : "main",
        "revision" : "1d69917fbd71570c307e326ae69cb2da2a3b7eec"
      }
    },
    {
      "identity" : "nvactivityindicatorview",
      "kind" : "remoteSourceControl",
      "location" : "https://github.com/ninjaprox/NVActivityIndicatorView.git",
      "state" : {
        "revision" : "bcb52371f2259254bac6690f92bb474a61768c47",
        "version" : "5.1.1"
      }
    },
    {
      "identity" : "sdwebimage",
      "kind" : "remoteSourceControl",
      "location" : "https://github.com/SDWebImage/SDWebImage.git",
      "state" : {
        "revision" : "73b9397cfbd902f606572964055464903b1d84c6",
        "version" : "5.19.0"
      }
    },
    {
      "identity" : "skeletonview",
      "kind" : "remoteSourceControl",
      "location" : "https://github.com/Juanpe/SkeletonView.git",
      "state" : {
        "revision" : "739a4f5d78731bebc48811c75fa9e1f4c4cef23e",
        "version" : "1.30.4"
      }
    },
    {
      "identity" : "smilesbanners",
      "kind" : "remoteSourceControl",
      "location" : "https://github.com/smilesiosteam/SmilesBanners.git",
      "state" : {
        "branch" : "main",
        "revision" : "f66ac01c2cb03e891e30625b975039b9508557bd"
      }
    },
    {
      "identity" : "smilesbasemainrequest",
      "kind" : "remoteSourceControl",
      "location" : "https://github.com/smilesiosteam/SmilesBaseMainRequest.git",
      "state" : {
        "branch" : "main",
        "revision" : "7e2d5d880baf451931da03fc8f1e41055a1fee93"
      }
    },
    {
      "identity" : "smilesfontsmanager",
      "kind" : "remoteSourceControl",
      "location" : "https://github.com/smilesiosteam/SmilesFontsManager.git",
      "state" : {
        "branch" : "main",
        "revision" : "08f10b60a92cf507339595161289eabd55c9ab10"
      }
    },
    {
      "identity" : "smileslanguagemanager",
      "kind" : "remoteSourceControl",
      "location" : "https://github.com/smilesiosteam/SmilesLanguageManager.git",
      "state" : {
        "branch" : "main",
        "revision" : "bcaf6af165e819a4ad2aaf91bb959a7339051eaa"
      }
    },
    {
      "identity" : "smilesloader",
      "kind" : "remoteSourceControl",
      "location" : "https://github.com/smilesiosteam/SmilesLoader.git",
      "state" : {
        "branch" : "main",
        "revision" : "8ffd156b804769121ab91c3cc729e418efbb540d"
      }
    },
    {
      "identity" : "smilesoffers",
      "kind" : "remoteSourceControl",
      "location" : "https://github.com/smilesiosteam/SmilesOffers.git",
      "state" : {
        "branch" : "main",
        "revision" : "418bd1e96efb95f88d46f69d411eac7525294841"
      }
    },
    {
      "identity" : "smilespagecontrol",
      "kind" : "remoteSourceControl",
      "location" : "https://github.com/smilesiosteam/SmilesPageControl.git",
      "state" : {
        "branch" : "main",
        "revision" : "433bf5965963ce27fc1a78480ec3627cc3425e5c"
      }
    },
    {
      "identity" : "smilessharedservices",
      "kind" : "remoteSourceControl",
      "location" : "https://github.com/smilesiosteam/SmilesSharedServices.git",
      "state" : {
        "branch" : "main",
        "revision" : "4dd7cfab83c2bd402486de8c29429edac50720a9"
      }
    },
    {
      "identity" : "smilesstorage",
      "kind" : "remoteSourceControl",
      "location" : "https://github.com/smilesiosteam/SmilesStorage.git",
      "state" : {
        "branch" : "main",
        "revision" : "83b0670cfb6ed00a1379ebf8826922589e5dbcbd"
      }
    },
    {
      "identity" : "smilesstoriesmanager",
      "kind" : "remoteSourceControl",
      "location" : "https://github.com/smilesiosteam/SmilesStoriesManager.git",
      "state" : {
        "branch" : "main",
        "revision" : "235d8ede59440247c0bb416d927b4fddeae0b2b8"
      }
    },
    {
      "identity" : "smilesutilities",
      "kind" : "remoteSourceControl",
      "location" : "https://github.com/smilesiosteam/SmilesUtilities.git",
      "state" : {
        "branch" : "main",
        "revision" : "dc61a81c43e527dd00c29aeee321809232dfa995"
      }
    },
    {
      "identity" : "smilesyoutubepopupview",
      "kind" : "remoteSourceControl",
      "location" : "https://github.com/smilesiosteam/SmilesYoutubePopUpView.git",
      "state" : {
        "branch" : "main",
        "revision" : "295d705283c64f1fd585ab49522fe33f1a3d5bf4"
      }
    },
    {
      "identity" : "youtube-ios-player-helper",
      "kind" : "remoteSourceControl",
      "location" : "https://github.com/youtube/youtube-ios-player-helper.git",
      "state" : {
        "revision" : "f57129cd4380ec0a74dd3a59da3270a1d653d59b",
        "version" : "1.0.4"
      }
    }
  ],
  "version" : 2
}
